
Microsoft Visual Studio Solution File, Format Version 12.00
# Visual Studio Version 17
VisualStudioVersion = 17.14.36518.9 d17.14
MinimumVisualStudioVersion = 10.0.40219.1
Project("{FAE04EC0-301F-11D3-BF4B-00C04F79EFBC}") = "AHP", "AHP\AHP.csproj", "{94049970-2E51-4B44-ACAF-7B52B3E93A2B}"
EndProject
Project("{2150E333-8FDC-42A3-9474-1A3956D46DE8}") = "Models", "Models", "{02EA681E-C7D8-13C7-8484-4AC65E1B71E8}"
EndProject
Global
	GlobalSection(SolutionConfigurationPlatforms) = preSolution
		Debug|Any CPU = Debug|Any CPU
		Release|Any CPU = Release|Any CPU
	EndGlobalSection
	GlobalSection(ProjectConfigurationPlatforms) = postSolution
		{94049970-2E51-4B44-ACAF-7B52B3E93A2B}.Debug|Any CPU.ActiveCfg = Debug|Any CPU
		{94049970-2E51-4B44-ACAF-7B52B3E93A2B}.Debug|Any CPU.Build.0 = Debug|Any CPU
		{94049970-2E51-4B44-ACAF-7B52B3E93A2B}.Release|Any CPU.ActiveCfg = Release|Any CPU
		{94049970-2E51-4B44-ACAF-7B52B3E93A2B}.Release|Any CPU.Build.0 = Release|Any CPU
	EndGlobalSection
	GlobalSection(SolutionProperties) = preSolution
		HideSolutionNode = FALSE
	EndGlobalSection
	GlobalSection(ExtensibilityGlobals) = postSolution
		SolutionGuid = {C1DCD62D-63AD-4C5A-A410-C9BA9EE47696}
	EndGlobalSection
EndGlobal
